<?xml version="1.0" encoding="UTF-8" standalone="yes" ?>
<CodeBlocks_project_file>
	<FileVersion major="1" minor="6" />
	<Project>
		<Option title="HeeksCAD" />
		<Option pch_mode="2" />
		<Option compiler="gcc" />
		<Build>
			<Target title="Debug">
				<Option output="bin/Debug/HeeksCAD" prefix_auto="1" extension_auto="1" />
				<Option working_dir="/usr/local/bin" />
				<Option object_output="obj/Debug/" />
				<Option type="1" />
				<Option compiler="gcc" />
				<Compiler>
					<Add option="-g" />
					<Add option="-DTIXML_USE_STL" />
					<Add directory="interface" />
					<Add directory="src" />
					<Add directory="tinyxml" />
				</Compiler>
				<ResourceCompiler>
					<Add directory="interface" />
				</ResourceCompiler>
				<Linker>
					<Add directory="interface" />
				</Linker>
			</Target>
			<Target title="Release">
				<Option output="bin/Release/HeeksCAD" prefix_auto="1" extension_auto="1" />
				<Option object_output="obj/Release/" />
				<Option type="1" />
				<Option compiler="gcc" />
				<Compiler>
					<Add option="-O2" />
				</Compiler>
				<Linker>
					<Add option="-s" />
				</Linker>
			</Target>
		</Build>
		<Compiler>
			<Add option="-Wall" />
			<Add option="`wx-config --cxxflags`" />
			<Add option='-Wall -g -I &quot;./&quot; -I &quot;/usr/include/opencascade&quot; $(WXCFLAGS) -DUNICODE -D__WXGTK__ -DHEEKSCAD -DHAVE_LIMITS -DWXUSINGDLL -DHAVE_LIMITS -DTIXML_USE_STL -DRUNINPLACE -DCODEBLOCKS -DUSE_GENERIC_TREECTRL' />
			<Add option="-DRUNINPLACE" />
			<Add directory="/usr/include/opencascade" />
			<Add directory="/usr/include/python2.6" />
		</Compiler>
		<Linker>
			<Add option="`wx-config --libs`" />
			<Add option="`wx-config --gl-libs`" />
			<Add option="-lTKVRML -lTKSTL -lTKBRep -lTKIGES -lTKShHealing -lTKSTEP -lTKSTEP209 -lTKSTEPAttr -lTKSTEPBase -lTKXSBase -lTKShapeSchema -lFWOSPlugin -lTKBool -lTKCAF -lTKCDF -lTKernel -lTKFeat -lTKFillet -lTKG2d -lTKG3d -lTKGeomAlgo -lTKGeomBase -lTKHLR -lTKMath -lTKOffset -lTKPrim -lTKPShape -lTKService -lTKTopAlgo -lTKV2d -lTKV3d -lTKMesh -lTKAdvTools -lTKBO -lTKXDESTEP -lTKXCAF -lTKXCAFSchema -lTKLCAF -lTKPLCAF -lstdc++ -lGLU -lGL ${WXLIBS}" />
			<Add option="`python-config --libs`" />
		</Linker>
		<Unit filename="interface/Box.h" />
		<Unit filename="interface/DoubleInput.cpp" />
		<Unit filename="interface/DoubleInput.h" />
		<Unit filename="interface/GripperTypes.h" />
		<Unit filename="interface/HDialogs.cpp" />
		<Unit filename="interface/HDialogs.h" />
		<Unit filename="interface/HeeksCADInterface.cpp" />
		<Unit filename="interface/HeeksCADInterface.h" />
		<Unit filename="interface/HeeksColor.cpp" />
		<Unit filename="interface/HeeksColor.h" />
		<Unit filename="interface/HeeksObj.cpp" />
		<Unit filename="interface/HeeksObj.h" />
		<Unit filename="interface/InputMode.h" />
		<Unit filename="interface/LeftAndRight.cpp" />
		<Unit filename="interface/LeftAndRight.h" />
		<Unit filename="interface/MarkedObject.cpp" />
		<Unit filename="interface/MarkedObject.h" />
		<Unit filename="interface/Material.h" />
		<Unit filename="interface/NiceTextCtrl.cpp" />
		<Unit filename="interface/NiceTextCtrl.h" />
		<Unit filename="interface/ObjList.cpp" />
		<Unit filename="interface/ObjList.h" />
		<Unit filename="interface/Observer.h" />
		<Unit filename="interface/PictureFrame.cpp" />
		<Unit filename="interface/PictureFrame.h" />
		<Unit filename="interface/Property.h" />
		<Unit filename="interface/PropertyCheck.cpp" />
		<Unit filename="interface/PropertyCheck.h" />
		<Unit filename="interface/PropertyChoice.cpp" />
		<Unit filename="interface/PropertyChoice.h" />
		<Unit filename="interface/PropertyColor.cpp" />
		<Unit filename="interface/PropertyColor.h" />
		<Unit filename="interface/PropertyDouble.cpp" />
		<Unit filename="interface/PropertyDouble.h" />
		<Unit filename="interface/PropertyFile.cpp" />
		<Unit filename="interface/PropertyFile.h" />
		<Unit filename="interface/PropertyInt.cpp" />
		<Unit filename="interface/PropertyInt.h" />
		<Unit filename="interface/PropertyLength.cpp" />
		<Unit filename="interface/PropertyLength.h" />
		<Unit filename="interface/PropertyList.cpp" />
		<Unit filename="interface/PropertyList.h" />
		<Unit filename="interface/PropertyString.cpp" />
		<Unit filename="interface/PropertyString.h" />
		<Unit filename="interface/PropertyVertex.cpp" />
		<Unit filename="interface/PropertyVertex.h" />
		<Unit filename="interface/SketchOrder.h" />
		<Unit filename="interface/Tool.h" />
		<Unit filename="interface/ToolImage.cpp" />
		<Unit filename="interface/ToolImage.h" />
		<Unit filename="interface/ToolList.cpp" />
		<Unit filename="interface/ToolList.h" />
		<Unit filename="interface/TransientObject.cpp" />
		<Unit filename="interface/strconv.cpp" />
		<Unit filename="interface/strconv.h" />
		<Unit filename="sketchsolve/src/errorfuncs.cpp" />
		<Unit filename="sketchsolve/src/solve.cpp" />
		<Unit filename="sketchsolve/src/solve.h" />
		<Unit filename="sketchsolve/src/solveimpl.cpp" />
		<Unit filename="src/AboutBox.cpp" />
		<Unit filename="src/AboutBox.h" />
		<Unit filename="src/AutoSave.cpp" />
		<Unit filename="src/AutoSave.h" />
		<Unit filename="src/BentleyOttmann.cpp" />
		<Unit filename="src/BentleyOttmann.h" />
		<Unit filename="src/BezierCurve.cpp" />
		<Unit filename="src/BezierCurve.h" />
		<Unit filename="src/Cone.cpp" />
		<Unit filename="src/Cone.h" />
		<Unit filename="src/ConstrainedObject.cpp" />
		<Unit filename="src/ConstrainedObject.h" />
		<Unit filename="src/Constraint.cpp" />
		<Unit filename="src/Constraint.h" />
		<Unit filename="src/ConstraintTools.cpp" />
		<Unit filename="src/ConstraintTools.h" />
		<Unit filename="src/ConversionTools.cpp" />
		<Unit filename="src/ConversionTools.h" />
		<Unit filename="src/CoordinateSystem.cpp" />
		<Unit filename="src/CoordinateSystem.h" />
		<Unit filename="src/CorrelationTool.cpp" />
		<Unit filename="src/CorrelationTool.h" />
		<Unit filename="src/Cuboid.cpp" />
		<Unit filename="src/Cuboid.h" />
		<Unit filename="src/CxfFont.cpp" />
		<Unit filename="src/CxfFont.h" />
		<Unit filename="src/Cylinder.cpp" />
		<Unit filename="src/Cylinder.h" />
		<Unit filename="src/DigitizeMode.cpp" />
		<Unit filename="src/DigitizeMode.h" />
		<Unit filename="src/DigitizedPoint.cpp" />
		<Unit filename="src/DigitizedPoint.h" />
		<Unit filename="src/DimensionDrawing.cpp" />
		<Unit filename="src/DimensionDrawing.h" />
		<Unit filename="src/Drawing.cpp" />
		<Unit filename="src/Drawing.h" />
		<Unit filename="src/DynamicSolid.cpp" />
		<Unit filename="src/DynamicSolid.h" />
		<Unit filename="src/Edge.cpp" />
		<Unit filename="src/Edge.h" />
		<Unit filename="src/EdgeBlend.h" />
		<Unit filename="src/EndedObject.cpp" />
		<Unit filename="src/EndedObject.h" />
		<Unit filename="src/Face.cpp" />
		<Unit filename="src/Face.h" />
		<Unit filename="src/FaceTools.cpp" />
		<Unit filename="src/FaceTools.h" />
		<Unit filename="src/FastCurves.cpp" />
		<Unit filename="src/FastCurves.h" />
		<Unit filename="src/GLList.cpp" />
		<Unit filename="src/GLList.h" />
		<Unit filename="src/Geom.cpp" />
		<Unit filename="src/Geom.h" />
		<Unit filename="src/GraphicsCanvas.cpp" />
		<Unit filename="src/GraphicsCanvas.h" />
		<Unit filename="src/Grid.cpp" />
		<Unit filename="src/Grid.h" />
		<Unit filename="src/Gripper.cpp" />
		<Unit filename="src/Gripper.h" />
		<Unit filename="src/GripperSelTransform.cpp" />
		<Unit filename="src/GripperSelTransform.h" />
		<Unit filename="src/Group.cpp" />
		<Unit filename="src/Group.h" />
		<Unit filename="src/HAngularDimension.cpp" />
		<Unit filename="src/HAngularDimension.h" />
		<Unit filename="src/HArc.cpp" />
		<Unit filename="src/HArc.h" />
		<Unit filename="src/HCircle.cpp" />
		<Unit filename="src/HCircle.h" />
		<Unit filename="src/HDimension.cpp" />
		<Unit filename="src/HDimension.h" />
		<Unit filename="src/HDxf.cpp" />
		<Unit filename="src/HDxf.h" />
		<Unit filename="src/HEllipse.cpp" />
		<Unit filename="src/HEllipse.h" />
		<Unit filename="src/HGear.cpp" />
		<Unit filename="src/HGear.h" />
		<Unit filename="src/HILine.cpp" />
		<Unit filename="src/HILine.h" />
		<Unit filename="src/HImage.cpp" />
		<Unit filename="src/HImage.h" />
		<Unit filename="src/HLine.cpp" />
		<Unit filename="src/HLine.h" />
		<Unit filename="src/HPoint.cpp" />
		<Unit filename="src/HPoint.h" />
		<Unit filename="src/HSpline.cpp" />
		<Unit filename="src/HSpline.h" />
		<Unit filename="src/HText.cpp" />
		<Unit filename="src/HText.h" />
		<Unit filename="src/HXml.cpp" />
		<Unit filename="src/HXml.h" />
		<Unit filename="src/HeeksCAD.cpp" />
		<Unit filename="src/HeeksCAD.h" />
		<Unit filename="src/HeeksConfig.h" />
		<Unit filename="src/HeeksFrame.cpp" />
		<Unit filename="src/HeeksFrame.h" />
		<Unit filename="src/HeeksPrintout.cpp" />
		<Unit filename="src/HeeksPrintout.h" />
		<Unit filename="src/Input.cpp" />
		<Unit filename="src/InputModeCanvas.cpp" />
		<Unit filename="src/InputModeCanvas.h" />
		<Unit filename="src/Intersector.h" />
		<Unit filename="src/LineArcDrawing.cpp" />
		<Unit filename="src/LineArcDrawing.h" />
		<Unit filename="src/Loop.cpp" />
		<Unit filename="src/Loop.h" />
		<Unit filename="src/MagDragWindow.cpp" />
		<Unit filename="src/MagDragWindow.h" />
		<Unit filename="src/Makefile" />
		<Unit filename="src/MarkedList.cpp" />
		<Unit filename="src/MarkedList.h" />
		<Unit filename="src/MatrixFactorization.cpp" />
		<Unit filename="src/MultiPoly.cpp" />
		<Unit filename="src/MultiPoly.h" />
		<Unit filename="src/NearMap.cpp" />
		<Unit filename="src/NearMap.h" />
		<Unit filename="src/OCCSolver.cpp" />
		<Unit filename="src/OCCSolver.h" />
		<Unit filename="src/ObjPropsCanvas.cpp" />
		<Unit filename="src/ObjPropsCanvas.h" />
		<Unit filename="src/OptionsCanvas.cpp" />
		<Unit filename="src/OptionsCanvas.h" />
		<Unit filename="src/OrientationModifier.cpp" />
		<Unit filename="src/OrientationModifier.h" />
		<Unit filename="src/Pad.cpp" />
		<Unit filename="src/Pad.h" />
		<Unit filename="src/Part.cpp" />
		<Unit filename="src/Part.h" />
		<Unit filename="src/Plugins.cpp" />
		<Unit filename="src/Plugins.h" />
		<Unit filename="src/Pocket.cpp" />
		<Unit filename="src/Pocket.h" />
		<Unit filename="src/PointDrawing.cpp" />
		<Unit filename="src/PointDrawing.h" />
		<Unit filename="src/PointOrWindow.cpp" />
		<Unit filename="src/PointOrWindow.h" />
		<Unit filename="src/Polygon.cpp" />
		<Unit filename="src/Polygon.h" />
		<Unit filename="src/PropertiesCanvas.cpp" />
		<Unit filename="src/PropertiesCanvas.h" />
		<Unit filename="src/PropertyTrsf.cpp" />
		<Unit filename="src/PropertyTrsf.h" />
		<Unit filename="src/RS274X.cpp" />
		<Unit filename="src/RS274X.h" />
		<Unit filename="src/RegularShapesDrawing.cpp" />
		<Unit filename="src/RegularShapesDrawing.h" />
		<Unit filename="src/RemoveOrAddTool.h" />
		<Unit filename="src/RuledSurface.cpp" />
		<Unit filename="src/RuledSurface.h" />
		<Unit filename="src/Ruler.cpp" />
		<Unit filename="src/Ruler.h" />
		<Unit filename="src/Sectioning.cpp" />
		<Unit filename="src/Sectioning.h" />
		<Unit filename="src/SelectMode.cpp" />
		<Unit filename="src/SelectMode.h" />
		<Unit filename="src/Shape.cpp" />
		<Unit filename="src/Shape.h" />
		<Unit filename="src/ShapeData.cpp" />
		<Unit filename="src/ShapeData.h" />
		<Unit filename="src/ShapeTools.cpp" />
		<Unit filename="src/ShapeTools.h" />
		<Unit filename="src/SimpleIntersector.cpp" />
		<Unit filename="src/SimpleIntersector.h" />
		<Unit filename="src/Sketch.cpp" />
		<Unit filename="src/Sketch.h" />
		<Unit filename="src/SketchTools.cpp" />
		<Unit filename="src/SketchTools.h" />
		<Unit filename="src/Solid.cpp" />
		<Unit filename="src/Solid.h" />
		<Unit filename="src/SolidTools.cpp" />
		<Unit filename="src/SolidTools.h" />
		<Unit filename="src/SolveSketch.cpp" />
		<Unit filename="src/SolveSketch.h" />
		<Unit filename="src/Sphere.cpp" />
		<Unit filename="src/Sphere.h" />
		<Unit filename="src/StlSolid.cpp" />
		<Unit filename="src/StlSolid.h" />
		<Unit filename="src/StretchTool.cpp" />
		<Unit filename="src/StretchTool.h" />
		<Unit filename="src/TransformTool.cpp" />
		<Unit filename="src/TransformTool.h" />
		<Unit filename="src/TransformTools.cpp" />
		<Unit filename="src/TransformTools.h" />
		<Unit filename="src/TreeCanvas.cpp" />
		<Unit filename="src/TreeCanvas.h" />
		<Unit filename="src/UndoEngine.cpp" />
		<Unit filename="src/UndoEngine.h" />
		<Unit filename="src/Vertex.cpp" />
		<Unit filename="src/Vertex.h" />
		<Unit filename="src/ViewPanning.cpp" />
		<Unit filename="src/ViewPanning.h" />
		<Unit filename="src/ViewPoint.cpp" />
		<Unit filename="src/ViewPoint.h" />
		<Unit filename="src/ViewRotating.cpp" />
		<Unit filename="src/ViewRotating.h" />
		<Unit filename="src/ViewZooming.cpp" />
		<Unit filename="src/ViewZooming.h" />
		<Unit filename="src/Window.cpp" />
		<Unit filename="src/Window.h" />
		<Unit filename="src/Wire.cpp" />
		<Unit filename="src/Wire.h" />
		<Unit filename="src/WrappedCurves.cpp" />
		<Unit filename="src/WrappedCurves.h" />
		<Unit filename="src/advprops.cpp" />
		<Unit filename="src/advprops.h" />
		<Unit filename="src/dxf.cpp" />
		<Unit filename="src/dxf.h" />
		<Unit filename="src/glfont2.cpp" />
		<Unit filename="src/glfont2.h" />
		<Unit filename="src/manager.cpp" />
		<Unit filename="src/manager.h" />
		<Unit filename="src/matrix.cpp" />
		<Unit filename="src/matrix.h" />
		<Unit filename="src/odcombo.cpp" />
		<Unit filename="src/odcombo.h" />
		<Unit filename="src/propdev.h" />
		<Unit filename="src/propgrid.cpp" />
		<Unit filename="src/propgrid.h" />
		<Unit filename="src/props.cpp" />
		<Unit filename="src/sketchinterface.cpp" />
		<Unit filename="src/stdafx.cpp" />
		<Unit filename="src/stdafx.h" />
		<Unit filename="src/svg.cpp" />
		<Unit filename="src/svg.h" />
		<Unit filename="src/wxImageLoader.cpp" />
		<Unit filename="src/wxImageLoader.h" />
		<Unit filename="tinyxml/tinyxml.cpp" />
		<Unit filename="tinyxml/tinyxml.h" />
		<Unit filename="tinyxml/tinyxmlerror.cpp" />
		<Unit filename="tinyxml/tinyxmlparser.cpp" />
		<Extensions>
			<envvars />
			<code_completion />
			<lib_finder disable_auto="1" />
			<debugger />
		</Extensions>
	</Project>
</CodeBlocks_project_file>
